
Microsoft Visual Studio Solution File, Format Version 12.00
# Visual Studio 2012
Project("{FAE04EC0-301F-11D3-BF4B-00C04F79EFBC}") = "DotNetPersistentConnection", "DotNetPersistentConnection.csproj", "{35B48D71-13F3-4FF0-B488-C863CF23B7B1}"
EndProject
Global
	GlobalSection(SolutionConfigurationPlatforms) = preSolution
		Debug|Any CPU = Debug|Any CPU
		Release|Any CPU = Release|Any CPU
	EndGlobalSection
	GlobalSection(ProjectConfigurationPlatforms) = postSolution
		{35B48D71-13F3-4FF0-B488-C863CF23B7B1}.Debug|Any CPU.ActiveCfg = Debug|Any CPU
		{35B48D71-13F3-4FF0-B488-C863CF23B7B1}.Debug|Any CPU.Build.0 = Debug|Any CPU
		{35B48D71-13F3-4FF0-B488-C863CF23B7B1}.Release|Any CPU.ActiveCfg = Release|Any CPU
		{35B48D71-13F3-4FF0-B488-C863CF23B7B1}.Release|Any CPU.Build.0 = Release|Any CPU
	EndGlobalSection
EndGlobal
